{
  "requires": true,
  "lockfileVersion": 1,
  "dependencies": {
    "node-red-node-pi-sense-hat": {
      "version": "0.1.1",
      "resolved": "https://registry.npmjs.org/node-red-node-pi-sense-hat/-/node-red-node-pi-sense-hat-0.1.1.tgz",
      "integrity": "sha512-njZdZPz3C/yeUZPkhMm77WWA5i9+xo7Wmxo2sjlAXjqBxXJ/9KIqUorIIGJnoxCY3tIJPNZCSF+AXMmkggs59g=="
    }
  }
}
